
Microsoft Visual Studio Solution File, Format Version 12.00
# Visual Studio 15
VisualStudioVersion = 15.0.28010.2026
MinimumVisualStudioVersion = 10.0.40219.1
Project("{E24C65DC-7377-472B-9ABA-BC803B73C61A}") = "BJ_RotatedTranslatedTriangle", "BJ_RotatedTranslatedTriangle\", "{B9FC7FE8-0A93-4773-B735-35B2A119029E}"
	ProjectSection(WebsiteProperties) = preProject
		TargetFrameworkMoniker = ".NETFramework,Version%3Dv4.7.2"
		Debug.AspNetCompiler.VirtualPath = "/localhost_13528"
		Debug.AspNetCompiler.PhysicalPath = "BJ_RotatedTranslatedTriangle\"
		Debug.AspNetCompiler.TargetPath = "PrecompiledWeb\localhost_13528\"
		Debug.AspNetCompiler.Updateable = "true"
		Debug.AspNetCompiler.ForceOverwrite = "true"
		Debug.AspNetCompiler.FixedNames = "false"
		Debug.AspNetCompiler.Debug = "True"
		Release.AspNetCompiler.VirtualPath = "/localhost_13528"
		Release.AspNetCompiler.PhysicalPath = "BJ_RotatedTranslatedTriangle\"
		Release.AspNetCompiler.TargetPath = "PrecompiledWeb\localhost_13528\"
		Release.AspNetCompiler.Updateable = "true"
		Release.AspNetCompiler.ForceOverwrite = "true"
		Release.AspNetCompiler.FixedNames = "false"
		Release.AspNetCompiler.Debug = "False"
		VWDPort = "13528"
		SlnRelativePath = "BJ_RotatedTranslatedTriangle\"
		DefaultWebSiteLanguage = "Visual C#"
	EndProjectSection
EndProject
Global
	GlobalSection(SolutionConfigurationPlatforms) = preSolution
		Debug|Any CPU = Debug|Any CPU
	EndGlobalSection
	GlobalSection(ProjectConfigurationPlatforms) = postSolution
		{B9FC7FE8-0A93-4773-B735-35B2A119029E}.Debug|Any CPU.ActiveCfg = Debug|Any CPU
		{B9FC7FE8-0A93-4773-B735-35B2A119029E}.Debug|Any CPU.Build.0 = Debug|Any CPU
	EndGlobalSection
	GlobalSection(SolutionProperties) = preSolution
		HideSolutionNode = FALSE
	EndGlobalSection
	GlobalSection(ExtensibilityGlobals) = postSolution
		SolutionGuid = {2729BE0B-70B7-4678-B8AB-080CD88DE663}
	EndGlobalSection
EndGlobal
